// !$*UTF8*$!
{
	archiveVersion = 1;
	classes = {
	};
	objectVersion = 46;
	objects = {

/* Begin PBXBuildFile section */
		D068746DBD0D9DA1CF8E51C0 /* libPods-Ex.a in Frameworks */ = {isa = PBXBuildFile; fileRef = 449850A2C5E6177C03279067 /* libPods-Ex.a */; };
		E735E2CD1DAB907400B47098 /* main.m in Sources */ = {isa = PBXBuildFile; fileRef = E735E2CC1DAB907400B47098 /* main.m */; };
		E735E2D01DAB907400B47098 /* AppDelegate.m in Sources */ = {isa = PBXBuildFile; fileRef = E735E2CF1DAB907400B47098 /* AppDelegate.m */; };
		E735E2D31DAB907400B47098 /* ViewController.m in Sources */ = {isa = PBXBuildFile; fileRef = E735E2D21DAB907400B47098 /* ViewController.m */; };
		E735E2D61DAB907400B47098 /* Main.storyboard in Resources */ = {isa = PBXBuildFile; fileRef = E735E2D41DAB907400B47098 /* Main.storyboard */; };
		E735E2D81DAB907400B47098 /* Assets.xcassets in Resources */ = {isa = PBXBuildFile; fileRef = E735E2D71DAB907400B47098 /* Assets.xcassets */; };
		E735E2DB1DAB907400B47098 /* LaunchScreen.storyboard in Resources */ = {isa = PBXBuildFile; fileRef = E735E2D91DAB907400B47098 /* LaunchScreen.storyboard */; };
/* End PBXBuildFile section */

/* Begin PBXFileReference section */
		449850A2C5E6177C03279067 /* libPods-Ex.a */ = {isa = PBXFileReference; explicitFileType = archive.ar; includeInIndex = 0; path = "libPods-Ex.a"; sourceTree = BUILT_PRODUCTS_DIR; };
		470B917BF3AD51F5F5DF3510 /* Pods-Ex.debug.xcconfig */ = {isa = PBXFileReference; includeInIndex = 1; lastKnownFileType = text.xcconfig; name = "Pods-Ex.debug.xcconfig"; path = "Pods/Target Support Files/Pods-Ex/Pods-Ex.debug.xcconfig"; sourceTree = "<group>"; };
		89DFF6B47BE085AD6C3FC6E9 /* Pods-Ex.release.xcconfig */ = {isa = PBXFileReference; includeInIndex = 1; lastKnownFileType = text.xcconfig; name = "Pods-Ex.release.xcconfig"; path = "Pods/Target Support Files/Pods-Ex/Pods-Ex.release.xcconfig"; sourceTree = "<group>"; };
		E735E2C81DAB907400B47098 /* Ex.app */ = {isa = PBXFileReference; explicitFileType = wrapper.application; includeInIndex = 0; path = Ex.app; sourceTree = BUILT_PRODUCTS_DIR; };
		E735E2CC1DAB907400B47098 /* main.m */ = {isa = PBXFileReference; lastKnownFileType = sourcecode.c.objc; path = main.m; sourceTree = "<group>"; };
		E735E2CE1DAB907400B47098 /* AppDelegate.h */ = {isa = PBXFileReference; lastKnownFileType = sourcecode.c.h; path = AppDelegate.h; sourceTree = "<group>"; };
		E735E2CF1DAB907400B47098 /* AppDelegate.m */ = {isa = PBXFileReference; lastKnownFileType = sourcecode.c.objc; path = AppDelegate.m; sourceTree = "<group>"; };
		E735E2D11DAB907400B47098 /* ViewController.h */ = {isa = PBXFileReference; lastKnownFileType = sourcecode.c.h; path = ViewController.h; sourceTree = "<group>"; };
		E735E2D21DAB907400B47098 /* ViewController.m */ = {isa = PBXFileReference; lastKnownFileType = sourcecode.c.objc; path = ViewController.m; sourceTree = "<group>"; };
		E735E2D51DAB907400B47098 /* Base */ = {isa = PBXFileReference; lastKnownFileType = file.storyboard; name = Base; path = Base.lproj/Main.storyboard; sourceTree = "<group>"; };
		E735E2D71DAB907400B47098 /* Assets.xcassets */ = {isa = PBXFileReference; lastKnownFileType = folder.assetcatalog; path = Assets.xcassets; sourceTree = "<group>"; };
		E735E2DA1DAB907400B47098 /* Base */ = {isa = PBXFileReference; lastKnownFileType = file.storyboard; name = Base; path = Base.lproj/LaunchScreen.storyboard; sourceTree = "<group>"; };
		E735E2DC1DAB907400B47098 /* Info.plist */ = {isa = PBXFileReference; lastKnownFileType = text.plist.xml; path = Info.plist; sourceTree = "<group>"; };
/* End PBXFileReference section */

/* Begin PBXFrameworksBuildPhase section */
		E735E2C51DAB907400B47098 /* Frameworks */ = {
			isa = PBXFrameworksBuildPhase;
			buildActionMask = 2147483647;
			files = (
				D068746DBD0D9DA1CF8E51C0 /* libPods-Ex.a in Frameworks */,
			);
			runOnlyForDeploymentPostprocessing = 0;
		};
/* End PBXFrameworksBuildPhase section */

/* Begin PBXGroup section */
		E735E2BF1DAB907400B47098 = {
			isa = PBXGroup;
			children = (
				E735E2CA1DAB907400B47098 /* Ex */,
				E735E2C91DAB907400B47098 /* Products */,
				FAB74C47DAE44383CF6CCFE4 /* Pods */,
				EB2403EA36A9F9BFD6D5C003 /* Frameworks */,
			);
			sourceTree = "<group>";
		};
		E735E2C91DAB907400B47098 /* Products */ = {
			isa = PBXGroup;
			children = (
				E735E2C81DAB907400B47098 /* Ex.app */,
			);
			name = Products;
			sourceTree = "<group>";
		};
		E735E2CA1DAB907400B47098 /* Ex */ = {
			isa = PBXGroup;
			children = (
				E735E2CE1DAB907400B47098 /* AppDelegate.h */,
				E735E2CF1DAB907400B47098 /* AppDelegate.m */,
				E735E2D11DAB907400B47098 /* ViewController.h */,
				E735E2D21DAB907400B47098 /* ViewController.m */,
				E735E2D41DAB907400B47098 /* Main.storyboard */,
				E735E2D71DAB907400B47098 /* Assets.xcassets */,
				E735E2D91DAB907400B47098 /* LaunchScreen.storyboard */,
				E735E2DC1DAB907400B47098 /* Info.plist */,
				E735E2CB1DAB907400B47098 /* Supporting Files */,
			);
			path = Ex;
			sourceTree = "<group>";
		};
		E735E2CB1DAB907400B47098 /* Supporting Files */ = {
			isa = PBXGroup;
			children = (
				E735E2CC1DAB907400B47098 /* main.m */,
			);
			name = "Supporting Files";
			sourceTree = "<group>";
		};
		EB2403EA36A9F9BFD6D5C003 /* Frameworks */ = {
			isa = PBXGroup;
			children = (
				449850A2C5E6177C03279067 /* libPods-Ex.a */,
			);
			name = Frameworks;
			sourceTree = "<group>";
		};
		FAB74C47DAE44383CF6CCFE4 /* Pods */ = {
			isa = PBXGroup;
			children = (
				470B917BF3AD51F5F5DF3510 /* Pods-Ex.debug.xcconfig */,
				89DFF6B47BE085AD6C3FC6E9 /* Pods-Ex.release.xcconfig */,
			);
			name = Pods;
			sourceTree = "<group>";
		};
/* End PBXGroup section */

/* Begin PBXNativeTarget section */
		E735E2C71DAB907400B47098 /* Ex */ = {
			isa = PBXNativeTarget;
			buildConfigurationList = E735E2DF1DAB907400B47098 /* Build configuration list for PBXNativeTarget "Ex" */;
			buildPhases = (
				1339234BC6E57CB77F6CE0B2 /* [CP] Check Pods Manifest.lock */,
				E735E2C41DAB907400B47098 /* Sources */,
				E735E2C51DAB907400B47098 /* Frameworks */,
				E735E2C61DAB907400B47098 /* Resources */,
				A08A2718B10C0CF5CE1190EE /* [CP] Embed Pods Frameworks */,
				55B29FC7C9129AEB9747067A /* [CP] Copy Pods Resources */,
			);
			buildRules = (
			);
			dependencies = (
			);
			name = Ex;
			productName = Ex;
			productReference = E735E2C81DAB907400B47098 /* Ex.app */;
			productType = "com.apple.product-type.application";
		};
/* End PBXNativeTarget section */

/* Begin PBXProject section */
		E735E2C01DAB907400B47098 /* Project object */ = {
			isa = PBXProject;
			attributes = {
				LastUpgradeCheck = 0800;
				ORGANIZATIONNAME = jipeng.du;
				TargetAttributes = {
					E735E2C71DAB907400B47098 = {
						CreatedOnToolsVersion = 8.0;
						DevelopmentTeam = PUEB48NTQQ;
						ProvisioningStyle = Automatic;
					};
				};
			};
			buildConfigurationList = E735E2C31DAB907400B47098 /* Build configuration list for PBXProject "Ex" */;
			compatibilityVersion = "Xcode 3.2";
			developmentRegion = English;
			hasScannedForEncodings = 0;
			knownRegions = (
				en,
				Base,
			);
			mainGroup = E735E2BF1DAB907400B47098;
			productRefGroup = E735E2C91DAB907400B47098 /* Products */;
			projectDirPath = "";
			projectRoot = "";
			targets = (
				E735E2C71DAB907400B47098 /* Ex */,
			);
		};
/* End PBXProject section */

/* Begin PBXResourcesBuildPhase section */
		E735E2C61DAB907400B47098 /* Resources */ = {
			isa = PBXResourcesBuildPhase;
			buildActionMask = 2147483647;
			files = (
				E735E2DB1DAB907400B47098 /* LaunchScreen.storyboard in Resources */,
				E735E2D81DAB907400B47098 /* Assets.xcassets in Resources */,
				E735E2D61DAB907400B47098 /* Main.storyboard in Resources */,
			);
			runOnlyForDeploymentPostprocessing = 0;
		};
/* End PBXResourcesBuildPhase section */

/* Begin PBXShellScriptBuildPhase section */
		1339234BC6E57CB77F6CE0B2 /* [CP] Check Pods Manifest.lock */ = {
			isa = PBXShellScriptBuildPhase;
			buildActionMask = 2147483647;
			files = (
			);
			inputPaths = (
			);
			name = "[CP] Check Pods Manifest.lock";
			outputPaths = (
			);
			runOnlyForDeploymentPostprocessing = 0;
			shellPath = /bin/sh;
			shellScript = "diff \"${PODS_ROOT}/../Podfile.lock\" \"${PODS_ROOT}/Manifest.lock\" > /dev/null\nif [ $? != 0 ] ; then\n    # print error to STDERR\n    echo \"error: The sandbox is not in sync with the Podfile.lock. Run 'pod install' or update your CocoaPods installation.\" >&2\n    exit 1\nfi\n";
			showEnvVarsInLog = 0;
		};
		55B29FC7C9129AEB9747067A /* [CP] Copy Pods Resources */ = {
			isa = PBXShellScriptBuildPhase;
			buildActionMask = 2147483647;
			files = (
			);
			inputPaths = (
			);
			name = "[CP] Copy Pods Resources";
			outputPaths = (
			);
			runOnlyForDeploymentPostprocessing = 0;
			shellPath = /bin/sh;
			shellScript = "\"${SRCROOT}/Pods/Target Support Files/Pods-Ex/Pods-Ex-resources.sh\"\n";
			showEnvVarsInLog = 0;
		};
		A08A2718B10C0CF5CE1190EE /* [CP] Embed Pods Frameworks */ = {
			isa = PBXShellScriptBuildPhase;
			buildActionMask = 2147483647;
			files = (
			);
			inputPaths = (
			);
			name = "[CP] Embed Pods Frameworks";
			outputPaths = (
			);
			runOnlyForDeploymentPostprocessing = 0;
			shellPath = /bin/sh;
			shellScript = "\"${SRCROOT}/Pods/Target Support Files/Pods-Ex/Pods-Ex-frameworks.sh\"\n";
			showEnvVarsInLog = 0;
		};
/* End PBXShellScriptBuildPhase section */

/* Begin PBXSourcesBuildPhase section */
		E735E2C41DAB907400B47098 /* Sources */ = {
			isa = PBXSourcesBuildPhase;
			buildActionMask = 2147483647;
			files = (
				E735E2D31DAB907400B47098 /* ViewController.m in Sources */,
				E735E2D01DAB907400B47098 /* AppDelegate.m in Sources */,
				E735E2CD1DAB907400B47098 /* main.m in Sources */,
			);
			runOnlyForDeploymentPostprocessing = 0;
		};
/* End PBXSourcesBuildPhase section */

/* Begin PBXVariantGroup section */
		E735E2D41DAB907400B47098 /* Main.storyboard */ = {
			isa = PBXVariantGroup;
			children = (
				E735E2D51DAB907400B47098 /* Base */,
			);
			name = Main.storyboard;
			sourceTree = "<group>";
		};
		E735E2D91DAB907400B47098 /* LaunchScreen.storyboard */ = {
			isa = PBXVariantGroup;
			children = (
				E735E2DA1DAB907400B47098 /* Base */,
			);
			name = LaunchScreen.storyboard;
			sourceTree = "<group>";
		};
/* End PBXVariantGroup section */

/* Begin XCBuildConfiguration section */
		E735E2DD1DAB907400B47098 /* Debug */ = {
			isa = XCBuildConfiguration;
			buildSettings = {
				ALWAYS_SEARCH_USER_PATHS = NO;
				CLANG_ANALYZER_NONNULL = YES;
				CLANG_CXX_LANGUAGE_STANDARD = "gnu++0x";
				CLANG_CXX_LIBRARY = "libc++";
				CLANG_ENABLE_MODULES = YES;
				CLANG_ENABLE_OBJC_ARC = YES;
				CLANG_WARN_BOOL_CONVERSION = YES;
				CLANG_WARN_CONSTANT_CONVERSION = YES;
				CLANG_WARN_DIRECT_OBJC_ISA_USAGE = YES_ERROR;
				CLANG_WARN_DOCUMENTATION_COMMENTS = YES;
				CLANG_WARN_EMPTY_BODY = YES;
				CLANG_WARN_ENUM_CONVERSION = YES;
				CLANG_WARN_INFINITE_RECURSION = YES;
				CLANG_WARN_INT_CONVERSION = YES;
				CLANG_WARN_OBJC_ROOT_CLASS = YES_ERROR;
				CLANG_WARN_SUSPICIOUS_MOVES = YES;
				CLANG_WARN_UNREACHABLE_CODE = YES;
				CLANG_WARN__DUPLICATE_METHOD_MATCH = YES;
				"CODE_SIGN_IDENTITY[sdk=iphoneos*]" = "iPhone Developer";
				COPY_PHASE_STRIP = NO;
				DEBUG_INFORMATION_FORMAT = dwarf;
				ENABLE_STRICT_OBJC_MSGSEND = YES;
				ENABLE_TESTABILITY = YES;
				GCC_C_LANGUAGE_STANDARD = gnu99;
				GCC_DYNAMIC_NO_PIC = NO;
				GCC_NO_COMMON_BLOCKS = YES;
				GCC_OPTIMIZATION_LEVEL = 0;
				GCC_PREPROCESSOR_DEFINITIONS = (
					"DEBUG=1",
					"$(inherited)",
				);
				GCC_WARN_64_TO_32_BIT_CONVERSION = YES;
				GCC_WARN_ABOUT_RETURN_TYPE = YES_ERROR;
				GCC_WARN_UNDECLARED_SELECTOR = YES;
				GCC_WARN_UNINITIALIZED_AUTOS = YES_AGGRESSIVE;
				GCC_WARN_UNUSED_FUNCTION = YES;
				GCC_WARN_UNUSED_VARIABLE = YES;
				IPHONEOS_DEPLOYMENT_TARGET = 10.0;
				MTL_ENABLE_DEBUG_INFO = YES;
				ONLY_ACTIVE_ARCH = YES;
				SDKROOT = iphoneos;
				TARGETED_DEVICE_FAMILY = "1,2";
			};
			name = Debug;
		};
		E735E2DE1DAB907400B47098 /* Release */ = {
			isa = XCBuildConfiguration;
			buildSettings = {
				ALWAYS_SEARCH_USER_PATHS = NO;
				CLANG_ANALYZER_NONNULL = YES;
				CLANG_CXX_LANGUAGE_STANDARD = "gnu++0x";
				CLANG_CXX_LIBRARY = "libc++";
				CLANG_ENABLE_MODULES = YES;
				CLANG_ENABLE_OBJC_ARC = YES;
				CLANG_WARN_BOOL_CONVERSION = YES;
				CLANG_WARN_CONSTANT_CONVERSION = YES;
				CLANG_WARN_DIRECT_OBJC_ISA_USAGE = YES_ERROR;
				CLANG_WARN_DOCUMENTATION_COMMENTS = YES;
				CLANG_WARN_EMPTY_BODY = YES;
				CLANG_WARN_ENUM_CONVERSION = YES;
				CLANG_WARN_INFINITE_RECURSION = YES;
				CLANG_WARN_INT_CONVERSION = YES;
				CLANG_WARN_OBJC_ROOT_CLASS = YES_ERROR;
				CLANG_WARN_SUSPICIOUS_MOVES = YES;
				CLANG_WARN_UNREACHABLE_CODE = YES;
				CLANG_WARN__DUPLICATE_METHOD_MATCH = YES;
				"CODE_SIGN_IDENTITY[sdk=iphoneos*]" = "iPhone Developer";
				COPY_PHASE_STRIP = NO;
				DEBUG_INFORMATION_FORMAT = "dwarf-with-dsym";
				ENABLE_NS_ASSERTIONS = NO;
				ENABLE_STRICT_OBJC_MSGSEND = YES;
				GCC_C_LANGUAGE_STANDARD = gnu99;
				GCC_NO_COMMON_BLOCKS = YES;
				GCC_WARN_64_TO_32_BIT_CONVERSION = YES;
				GCC_WARN_ABOUT_RETURN_TYPE = YES_ERROR;
				GCC_WARN_UNDECLARED_SELECTOR = YES;
				GCC_WARN_UNINITIALIZED_AUTOS = YES_AGGRESSIVE;
				GCC_WARN_UNUSED_FUNCTION = YES;
				GCC_WARN_UNUSED_VARIABLE = YES;
				IPHONEOS_DEPLOYMENT_TARGET = 10.0;
				MTL_ENABLE_DEBUG_INFO = NO;
				SDKROOT = iphoneos;
				TARGETED_DEVICE_FAMILY = "1,2";
				VALIDATE_PRODUCT = YES;
			};
			name = Release;
		};
		E735E2E01DAB907400B47098 /* Debug */ = {
			isa = XCBuildConfiguration;
			baseConfigurationReference = 470B917BF3AD51F5F5DF3510 /* Pods-Ex.debug.xcconfig */;
			buildSettings = {
				ASSETCATALOG_COMPILER_APPICON_NAME = AppIcon;
				DEVELOPMENT_TEAM = PUEB48NTQQ;
				INFOPLIST_FILE = Ex/Info.plist;
				LD_RUNPATH_SEARCH_PATHS = "$(inherited) @executable_path/Frameworks";
				LIBRARY_SEARCH_PATHS = (
					"$(inherited)",
					"$(PROJECT_DIR)/Ex/Alipay/lib",
				);
				PRODUCT_BUNDLE_IDENTIFIER = com.cloudaccount.RPLib.Ex;
				PRODUCT_NAME = "$(TARGET_NAME)";
			};
			name = Debug;
		};
		E735E2E11DAB907400B47098 /* Release */ = {
			isa = XCBuildConfiguration;
			baseConfigurationReference = 89DFF6B47BE085AD6C3FC6E9 /* Pods-Ex.release.xcconfig */;
			buildSettings = {
				ASSETCATALOG_COMPILER_APPICON_NAME = AppIcon;
				DEVELOPMENT_TEAM = PUEB48NTQQ;
				INFOPLIST_FILE = Ex/Info.plist;
				LD_RUNPATH_SEARCH_PATHS = "$(inherited) @executable_path/Frameworks";
				LIBRARY_SEARCH_PATHS = (
					"$(inherited)",
					"$(PROJECT_DIR)/Ex/Alipay/lib",
				);
				PRODUCT_BUNDLE_IDENTIFIER = com.cloudaccount.RPLib.Ex;
				PRODUCT_NAME = "$(TARGET_NAME)";
			};
			name = Release;
		};
/* End XCBuildConfiguration section */

/* Begin XCConfigurationList section */
		E735E2C31DAB907400B47098 /* Build configuration list for PBXProject "Ex" */ = {
			isa = XCConfigurationList;
			buildConfigurations = (
				E735E2DD1DAB907400B47098 /* Debug */,
				E735E2DE1DAB907400B47098 /* Release */,
			);
			defaultConfigurationIsVisible = 0;
			defaultConfigurationName = Release;
		};
		E735E2DF1DAB907400B47098 /* Build configuration list for PBXNativeTarget "Ex" */ = {
			isa = XCConfigurationList;
			buildConfigurations = (
				E735E2E01DAB907400B47098 /* Debug */,
				E735E2E11DAB907400B47098 /* Release */,
			);
			defaultConfigurationIsVisible = 0;
			defaultConfigurationName = Release;
		};
/* End XCConfigurationList section */
	};
	rootObject = E735E2C01DAB907400B47098 /* Project object */;
}
